
Microsoft Visual Studio Solution File, Format Version 12.00
# Visual Studio 15
VisualStudioVersion = 15.0.26124.0
MinimumVisualStudioVersion = 15.0.26124.0
Project("{FAE04EC0-301F-11D3-BF4B-00C04F79EFBC}") = "ZipToInfo.Services", "ZipToInfo.Services\ZipToInfo.Services.csproj", "{35541238-E746-4FF6-AF72-1EB2D579BBF6}"
EndProject
Project("{FAE04EC0-301F-11D3-BF4B-00C04F79EFBC}") = "ZipToInfo.Services.Tests", "ZipToInfo.Services.Tests\ZipToInfo.Services.Tests.csproj", "{ABC37F7A-313F-4155-856F-2398ED7FBFE7}"
EndProject
Global
	GlobalSection(SolutionConfigurationPlatforms) = preSolution
		Debug|Any CPU = Debug|Any CPU
		Debug|x64 = Debug|x64
		Debug|x86 = Debug|x86
		Release|Any CPU = Release|Any CPU
		Release|x64 = Release|x64
		Release|x86 = Release|x86
	EndGlobalSection
	GlobalSection(SolutionProperties) = preSolution
		HideSolutionNode = FALSE
	EndGlobalSection
	GlobalSection(ProjectConfigurationPlatforms) = postSolution
		{35541238-E746-4FF6-AF72-1EB2D579BBF6}.Debug|Any CPU.ActiveCfg = Debug|Any CPU
		{35541238-E746-4FF6-AF72-1EB2D579BBF6}.Debug|Any CPU.Build.0 = Debug|Any CPU
		{35541238-E746-4FF6-AF72-1EB2D579BBF6}.Debug|x64.ActiveCfg = Debug|x64
		{35541238-E746-4FF6-AF72-1EB2D579BBF6}.Debug|x64.Build.0 = Debug|x64
		{35541238-E746-4FF6-AF72-1EB2D579BBF6}.Debug|x86.ActiveCfg = Debug|x86
		{35541238-E746-4FF6-AF72-1EB2D579BBF6}.Debug|x86.Build.0 = Debug|x86
		{35541238-E746-4FF6-AF72-1EB2D579BBF6}.Release|Any CPU.ActiveCfg = Release|Any CPU
		{35541238-E746-4FF6-AF72-1EB2D579BBF6}.Release|Any CPU.Build.0 = Release|Any CPU
		{35541238-E746-4FF6-AF72-1EB2D579BBF6}.Release|x64.ActiveCfg = Release|x64
		{35541238-E746-4FF6-AF72-1EB2D579BBF6}.Release|x64.Build.0 = Release|x64
		{35541238-E746-4FF6-AF72-1EB2D579BBF6}.Release|x86.ActiveCfg = Release|x86
		{35541238-E746-4FF6-AF72-1EB2D579BBF6}.Release|x86.Build.0 = Release|x86
		{ABC37F7A-313F-4155-856F-2398ED7FBFE7}.Debug|Any CPU.ActiveCfg = Debug|Any CPU
		{ABC37F7A-313F-4155-856F-2398ED7FBFE7}.Debug|Any CPU.Build.0 = Debug|Any CPU
		{ABC37F7A-313F-4155-856F-2398ED7FBFE7}.Debug|x64.ActiveCfg = Debug|x64
		{ABC37F7A-313F-4155-856F-2398ED7FBFE7}.Debug|x64.Build.0 = Debug|x64
		{ABC37F7A-313F-4155-856F-2398ED7FBFE7}.Debug|x86.ActiveCfg = Debug|x86
		{ABC37F7A-313F-4155-856F-2398ED7FBFE7}.Debug|x86.Build.0 = Debug|x86
		{ABC37F7A-313F-4155-856F-2398ED7FBFE7}.Release|Any CPU.ActiveCfg = Release|Any CPU
		{ABC37F7A-313F-4155-856F-2398ED7FBFE7}.Release|Any CPU.Build.0 = Release|Any CPU
		{ABC37F7A-313F-4155-856F-2398ED7FBFE7}.Release|x64.ActiveCfg = Release|x64
		{ABC37F7A-313F-4155-856F-2398ED7FBFE7}.Release|x64.Build.0 = Release|x64
		{ABC37F7A-313F-4155-856F-2398ED7FBFE7}.Release|x86.ActiveCfg = Release|x86
		{ABC37F7A-313F-4155-856F-2398ED7FBFE7}.Release|x86.Build.0 = Release|x86
	EndGlobalSection
EndGlobal
